// !$*UTF8*$!
{
	archiveVersion = 1;
	classes = {
	};
	objectVersion = 77;
	objects = {

/* Begin PBXBuildFile section */
		00A8E5921B0273408FF2582C /* WTSync in Frameworks */ = {isa = PBXBuildFile; productRef = 471B5A84CD7866567E0FC54B /* WTSync */; };
		010AF45A7DB2F50772095EBE /* ViewMode.swift in Sources */ = {isa = PBXBuildFile; fileRef = 219ECB19757C04028A5A95FA /* ViewMode.swift */; };
		01EC77E6D6E708E67C48D94C /* MenuTree.swift in Sources */ = {isa = PBXBuildFile; fileRef = 2A0D8F43A952271C28A18B88 /* MenuTree.swift */; };
		089929CF96B075FD07178CF8 /* CanvasEventTranslator.swift in Sources */ = {isa = PBXBuildFile; fileRef = C3F49D2493A6ADF0FD89AA6C /* CanvasEventTranslator.swift */; };
		0BB3920DA81AB10E094C3DF5 /* PanelDescriptor.swift in Sources */ = {isa = PBXBuildFile; fileRef = 89E0BCC92D5EA76458AB33C3 /* PanelDescriptor.swift */; };
		0F99A74ABAF2405DE0EF8717 /* DocumentWindowTests.swift in Sources */ = {isa = PBXBuildFile; fileRef = 812146D44B1BF458D8834854 /* DocumentWindowTests.swift */; };
		1137CFA677D5EF1E3D2F6BCD /* PanelLayoutController.swift in Sources */ = {isa = PBXBuildFile; fileRef = 34051624C25EBC2F306EEE92 /* PanelLayoutController.swift */; };
		11ECC5BDC4555C7CE02E3375 /* AppDelegate.swift in Sources */ = {isa = PBXBuildFile; fileRef = BA559F4D67053E6B84D9EE08 /* AppDelegate.swift */; };
		12AA9AF714AA828F811E00EE /* LaunchTests.swift in Sources */ = {isa = PBXBuildFile; fileRef = C99CD9C6218FA1BED9F30C5D /* LaunchTests.swift */; };
		17FF0E112E376E269065340C /* CommandRegistryTests.swift in Sources */ = {isa = PBXBuildFile; fileRef = B8D5F817250F1C205B441B67 /* CommandRegistryTests.swift */; };
		1A84CC0C77CAEADD7EA6D532 /* WTCRDT in Frameworks */ = {isa = PBXBuildFile; productRef = BAE3DB4DC8F06661870A2657 /* WTCRDT */; };
		1D8610FF1068A43C6BA8EC95 /* Tool.swift in Sources */ = {isa = PBXBuildFile; fileRef = 74E963B003B9FDBC0688BF24 /* Tool.swift */; };
		1D8999F10F24DD8CC03713F6 /* WTText in Frameworks */ = {isa = PBXBuildFile; productRef = 08C3675137E50641A70094F8 /* WTText */; };
		2432ABCDFB5C099F14405220 /* MenuTreeTests.swift in Sources */ = {isa = PBXBuildFile; fileRef = DD539A99543C6E841A2BB04A /* MenuTreeTests.swift */; };
		28F2F1AAD9841A0CEF12B249 /* CanvasNavigationTests.swift in Sources */ = {isa = PBXBuildFile; fileRef = A4C5E714998DEF20273E4046 /* CanvasNavigationTests.swift */; };
		2CF8FF51543BBE4B4FE1A58F /* PreferenceCatalog.swift in Sources */ = {isa = PBXBuildFile; fileRef = CD3D9F499BD1D007519E6378 /* PreferenceCatalog.swift */; };
		2F42F251CD5FB361F35BFAB9 /* BuiltInTools.swift in Sources */ = {isa = PBXBuildFile; fileRef = C1CC69566FDE59C3143D23EF /* BuiltInTools.swift */; };
		2F48C0AB3FD5CE3B27A4947D /* PanelRegistryTests.swift in Sources */ = {isa = PBXBuildFile; fileRef = 46E8405C34C44A536CFC2944 /* PanelRegistryTests.swift */; };
		2F8AECCC98A2059250D201DD /* PanelDockTests.swift in Sources */ = {isa = PBXBuildFile; fileRef = DC239E118ADA1229304FF5E7 /* PanelDockTests.swift */; };
		349F82221FEB03BACEF40CB4 /* CanvasPerformanceTests.swift in Sources */ = {isa = PBXBuildFile; fileRef = D057094D2926BE8A863C30B7 /* CanvasPerformanceTests.swift */; };
		364AFDCD5C52E959E60E5AEE /* WTModel in Frameworks */ = {isa = PBXBuildFile; productRef = D7CCC596AE0E2B551643E221 /* WTModel */; };
		376512B2D22CE521BF9ABC44 /* MagnificationFormat.swift in Sources */ = {isa = PBXBuildFile; fileRef = 2D4758DB7ADD7C15BC02319E /* MagnificationFormat.swift */; };
		38D8C7466DA17C00D1D21AC7 /* PanelLayoutTests.swift in Sources */ = {isa = PBXBuildFile; fileRef = 29D97497B47C9702BD8AD0E7 /* PanelLayoutTests.swift */; };
		3A089F1B4B28F06764D467E3 /* CanvasView.swift in Sources */ = {isa = PBXBuildFile; fileRef = EF3629251571E6254B2D29FB /* CanvasView.swift */; };
		3A26A2EC2E146B0ACD6C571A /* RectangleSketchTool.swift in Sources */ = {isa = PBXBuildFile; fileRef = 40FCE9056D1A0314C8064D48 /* RectangleSketchTool.swift */; };
		3E9812AA700E470404EB0A21 /* PanelDockController.swift in Sources */ = {isa = PBXBuildFile; fileRef = 3E791ECB2B368B1A8E804D8F /* PanelDockController.swift */; };
		3F9B5ACA197D9B08151F8FAA /* ShortcutSet.swift in Sources */ = {isa = PBXBuildFile; fileRef = E18284E6402FC6A70286B28C /* ShortcutSet.swift */; };
		4E759190313AFF4BA297E5BD /* WTProto in Frameworks */ = {isa = PBXBuildFile; productRef = 41651617B1CA311751CEFAA9 /* WTProto */; };
		521D87EEE8CB996BDE425ADC /* PreferenceStore.swift in Sources */ = {isa = PBXBuildFile; fileRef = 8BAF17EA9FE70DFB02F0C115 /* PreferenceStore.swift */; };
		5426B5806CC83153C82A9AA2 /* ToolManagerTests.swift in Sources */ = {isa = PBXBuildFile; fileRef = B3A8A8993E9F8973C309CD75 /* ToolManagerTests.swift */; };
		547CF0C017D334D42BA6E537 /* TestEnvironment.swift in Sources */ = {isa = PBXBuildFile; fileRef = F45AA9674CB4446BE7055CA1 /* TestEnvironment.swift */; };
		5C69D90A09405C76CDA8AE4C /* KeyEquivalentTests.swift in Sources */ = {isa = PBXBuildFile; fileRef = C5A73FB23FC6A3950EE219F2 /* KeyEquivalentTests.swift */; };
		5C914428ED5729BFC3755F28 /* PanelID.swift in Sources */ = {isa = PBXBuildFile; fileRef = 3A02F3DD73CCCD58B47B512E /* PanelID.swift */; };
		5DE69DC23A9D0B95D3C61149 /* CanvasOrientationTests.swift in Sources */ = {isa = PBXBuildFile; fileRef = A6B0651E3AADCA793911E3DD /* CanvasOrientationTests.swift */; };
		633DD56602E60A51865E9DB6 /* DocumentWindowController.swift in Sources */ = {isa = PBXBuildFile; fileRef = DF80459F6F7F73289C8AD178 /* DocumentWindowController.swift */; };
		6361EC92247E03F9E6BEC7C0 /* PreferenceCommands.swift in Sources */ = {isa = PBXBuildFile; fileRef = EE080E8B3098E437FD845109 /* PreferenceCommands.swift */; };
		65B2DD8A43DDF8CAF3803D45 /* WTGeometry in Frameworks */ = {isa = PBXBuildFile; productRef = 60AA0F560C13C7F9DAB07F68 /* WTGeometry */; };
		69766AB9FDA7276047BD75DA /* CommandRegistry.swift in Sources */ = {isa = PBXBuildFile; fileRef = CE801CF1BD010375CB3CE64E /* CommandRegistry.swift */; };
		69950C13F0B3ED9F9AEA33AC /* PanelLayout.swift in Sources */ = {isa = PBXBuildFile; fileRef = 352D202B8393E0B91942563B /* PanelLayout.swift */; };
		701DF9A49ABE373D8D156D84 /* ToolRegistry.swift in Sources */ = {isa = PBXBuildFile; fileRef = ED63417FF8C44E31F8AA8AC5 /* ToolRegistry.swift */; };
		706CF7F9AECC6A01A5232441 /* PanelRegistry.swift in Sources */ = {isa = PBXBuildFile; fileRef = 72A919DDFD79C472BB83F545 /* PanelRegistry.swift */; };
		7336B5BB62E063CC9C2B01BA /* PreferencesWindowController.swift in Sources */ = {isa = PBXBuildFile; fileRef = 48D21B91A91C4A181F99FDBF /* PreferencesWindowController.swift */; };
		7455767996D59DB01BD74656 /* ToolsPanel.swift in Sources */ = {isa = PBXBuildFile; fileRef = A1DEA3D35D7FAB355B9C07D8 /* ToolsPanel.swift */; };
		7BB65D12B8AF3B10D0FEA6CE /* PanelLayoutStore.swift in Sources */ = {isa = PBXBuildFile; fileRef = 656E8AB3DBD70AC4B517E423 /* PanelLayoutStore.swift */; };
		80F17677DD46F90804D49A71 /* CanvasNavigation.swift in Sources */ = {isa = PBXBuildFile; fileRef = 43564F7438F68FE69C6D54BC /* CanvasNavigation.swift */; };
		833ACCA643319DCF4D8C4E33 /* CommandID.swift in Sources */ = {isa = PBXBuildFile; fileRef = B1512FEFB9F1C1DCFCD7C6C9 /* CommandID.swift */; };
		85F2B2FC8B8F12B4B968803F /* KeyEquivalentResolver.swift in Sources */ = {isa = PBXBuildFile; fileRef = 864D7ED4058E0748A46DD4AF /* KeyEquivalentResolver.swift */; };
		8EC8CA9541B7E5512DA9B0B4 /* GeometryBridge.swift in Sources */ = {isa = PBXBuildFile; fileRef = AA82915A7FF8E3762949419A /* GeometryBridge.swift */; };
		93EC1286F7D4CAE745E539F2 /* PreferenceTests.swift in Sources */ = {isa = PBXBuildFile; fileRef = 1327BE8B439F5E12B3450E50 /* PreferenceTests.swift */; };
		96E99C921E244205F0BA4C1E /* PlaceholderPanels.swift in Sources */ = {isa = PBXBuildFile; fileRef = C46E9C5BB2BE0B59C198A387 /* PlaceholderPanels.swift */; };
		975D1B9912E57C7EA428C6B0 /* ViewCommands.swift in Sources */ = {isa = PBXBuildFile; fileRef = A7436A680B89B80F08932FFB /* ViewCommands.swift */; };
		B093AD4A81605331DC514626 /* PreferenceKey.swift in Sources */ = {isa = PBXBuildFile; fileRef = 88755C0FD8668FA5395E356E /* PreferenceKey.swift */; };
		B6012D4A08AE84F13A6B5115 /* StatusBarView.swift in Sources */ = {isa = PBXBuildFile; fileRef = 8659B460833F9084505F2CFD /* StatusBarView.swift */; };
		B9A9D28E6B39E941DCEAD977 /* StandardCommands.swift in Sources */ = {isa = PBXBuildFile; fileRef = A5BEA0DD82E5423AEA35D3B9 /* StandardCommands.swift */; };
		BB4D291D8AA44EAA8C972EF3 /* PreferenceValue.swift in Sources */ = {isa = PBXBuildFile; fileRef = 9DE4558C99E3E4F45DE69B93 /* PreferenceValue.swift */; };
		BEE78B445C9F33557169F01F /* PreferenceForm.swift in Sources */ = {isa = PBXBuildFile; fileRef = B4B76F0AD350CA8DC531B2AA /* PreferenceForm.swift */; };
		C2D3B1FAEAE0B9212822B894 /* ShortcutSetTests.swift in Sources */ = {isa = PBXBuildFile; fileRef = A98EF394B63F85812A1FA732 /* ShortcutSetTests.swift */; };
		C72227A3FC3EF6FA6C368A68 /* WTInterchange in Frameworks */ = {isa = PBXBuildFile; productRef = 00D86B1A32BF132424E66A31 /* WTInterchange */; };
		C8ACDC26250419F798419AB3 /* RulerHostView.swift in Sources */ = {isa = PBXBuildFile; fileRef = 2F93D487B956CA64005DBEFB /* RulerHostView.swift */; };
		D563403C932236A847A85B26 /* WindowStateStore.swift in Sources */ = {isa = PBXBuildFile; fileRef = 4BDD02E21CA8F0FB77F6C0C2 /* WindowStateStore.swift */; };
		D922AE765B77AC58846F5325 /* DocumentController.swift in Sources */ = {isa = PBXBuildFile; fileRef = ECD0B0BFA0E4AA6BC5BFBDDD /* DocumentController.swift */; };
		D943A22796246EA3E2EB35E1 /* PanelCommands.swift in Sources */ = {isa = PBXBuildFile; fileRef = 2088A26FF2592954FFDDFE3E /* PanelCommands.swift */; };
		D96DCF1988700BA98B318118 /* TemporaryToolMachine.swift in Sources */ = {isa = PBXBuildFile; fileRef = 0C309E1955A40A577CEA87D1 /* TemporaryToolMachine.swift */; };
		E3796B7E18DCE736A36B769B /* TemporaryToolMachineTests.swift in Sources */ = {isa = PBXBuildFile; fileRef = 8D6D21EBB6888AF21EF58BCB /* TemporaryToolMachineTests.swift */; };
		E4DFCEB5648FEC8B5FBACF38 /* DockTests.swift in Sources */ = {isa = PBXBuildFile; fileRef = 704C825199E9853360D5498B /* DockTests.swift */; };
		E8A16002F7DDEA23AE135AB9 /* MainMenuBuilder.swift in Sources */ = {isa = PBXBuildFile; fileRef = F0E2E2C5FD9C65483CAE12CB /* MainMenuBuilder.swift */; };
		E917637578C01BE0479A7ECD /* CanvasScrollerModel.swift in Sources */ = {isa = PBXBuildFile; fileRef = EA54A0CCE45BDCEBE1156BA1 /* CanvasScrollerModel.swift */; };
		EECD4D6A63788582C211101B /* ToolTests.swift in Sources */ = {isa = PBXBuildFile; fileRef = 1C850205BEF75FD2F88647D9 /* ToolTests.swift */; };
		F65F027F8051F0EEA26574AC /* PanelLayoutControllerTests.swift in Sources */ = {isa = PBXBuildFile; fileRef = E9734417E31F42CF25967614 /* PanelLayoutControllerTests.swift */; };
		FB8B3C1F1E78A13880735155 /* ToolManager.swift in Sources */ = {isa = PBXBuildFile; fileRef = 9B18BFC41E9275223644EB3C /* ToolManager.swift */; };
		FBAE8540761289EB41800BBE /* DocumentHandle.swift in Sources */ = {isa = PBXBuildFile; fileRef = BC0877DB0215D82C93104D44 /* DocumentHandle.swift */; };
		FCCAA7C0A2B14239132D876E /* Sparkle in Frameworks */ = {isa = PBXBuildFile; productRef = A21803070916F2818F09638E /* Sparkle */; };
		FCEB7B894FB3CEA9D4E7E3B9 /* KeyEquivalent.swift in Sources */ = {isa = PBXBuildFile; fileRef = 56BEDCCF536AA5A6AC6A3995 /* KeyEquivalent.swift */; };
		FCF6121947A69E9DD2AE3F3A /* WTRender in Frameworks */ = {isa = PBXBuildFile; productRef = 0E3C267385D7C4EC7FE62D3B /* WTRender */; };
		FF23E035CF3C3DFC49B5E31B /* Command.swift in Sources */ = {isa = PBXBuildFile; fileRef = 26D2DCB38B35473908EBEE3A /* Command.swift */; };
/* End PBXBuildFile section */

/* Begin PBXContainerItemProxy section */
		DA27A8F87ADB677C307213F4 /* PBXContainerItemProxy */ = {
			isa = PBXContainerItemProxy;
			containerPortal = 1A09B63C62D68F8DD5E7CEDE /* Project object */;
			proxyType = 1;
			remoteGlobalIDString = 91272E66766A86F043D79FFE;
			remoteInfo = WireTuner;
		};
		E96DE9F5745BF98ED2649FC4 /* PBXContainerItemProxy */ = {
			isa = PBXContainerItemProxy;
			containerPortal = 1A09B63C62D68F8DD5E7CEDE /* Project object */;
			proxyType = 1;
			remoteGlobalIDString = 91272E66766A86F043D79FFE;
			remoteInfo = WireTuner;
		};
/* End PBXContainerItemProxy section */

/* Begin PBXFileReference section */
		0552EFEE2D0D7BF3287AC1CB /* WTRender */ = {isa = PBXFileReference; lastKnownFileType = folder; name = WTRender; path = Packages/WTRender; sourceTree = SOURCE_ROOT; };
		0C309E1955A40A577CEA87D1 /* TemporaryToolMachine.swift */ = {isa = PBXFileReference; lastKnownFileType = sourcecode.swift; path = TemporaryToolMachine.swift; sourceTree = "<group>"; };
		1327BE8B439F5E12B3450E50 /* PreferenceTests.swift */ = {isa = PBXFileReference; lastKnownFileType = sourcecode.swift; path = PreferenceTests.swift; sourceTree = "<group>"; };
		17DCB90ECA11D7A4BB285BD2 /* WTCRDT */ = {isa = PBXFileReference; lastKnownFileType = folder; name = WTCRDT; path = Packages/WTCRDT; sourceTree = SOURCE_ROOT; };
		1C850205BEF75FD2F88647D9 /* ToolTests.swift */ = {isa = PBXFileReference; lastKnownFileType = sourcecode.swift; path = ToolTests.swift; sourceTree = "<group>"; };
		2088A26FF2592954FFDDFE3E /* PanelCommands.swift */ = {isa = PBXFileReference; lastKnownFileType = sourcecode.swift; path = PanelCommands.swift; sourceTree = "<group>"; };
		219ECB19757C04028A5A95FA /* ViewMode.swift */ = {isa = PBXFileReference; lastKnownFileType = sourcecode.swift; path = ViewMode.swift; sourceTree = "<group>"; };
		26D2DCB38B35473908EBEE3A /* Command.swift */ = {isa = PBXFileReference; lastKnownFileType = sourcecode.swift; path = Command.swift; sourceTree = "<group>"; };
		29D97497B47C9702BD8AD0E7 /* PanelLayoutTests.swift */ = {isa = PBXFileReference; lastKnownFileType = sourcecode.swift; path = PanelLayoutTests.swift; sourceTree = "<group>"; };
		2A0D8F43A952271C28A18B88 /* MenuTree.swift */ = {isa = PBXFileReference; lastKnownFileType = sourcecode.swift; path = MenuTree.swift; sourceTree = "<group>"; };
		2D4758DB7ADD7C15BC02319E /* MagnificationFormat.swift */ = {isa = PBXFileReference; lastKnownFileType = sourcecode.swift; path = MagnificationFormat.swift; sourceTree = "<group>"; };
		2F93D487B956CA64005DBEFB /* RulerHostView.swift */ = {isa = PBXFileReference; lastKnownFileType = sourcecode.swift; path = RulerHostView.swift; sourceTree = "<group>"; };
		34051624C25EBC2F306EEE92 /* PanelLayoutController.swift */ = {isa = PBXFileReference; lastKnownFileType = sourcecode.swift; path = PanelLayoutController.swift; sourceTree = "<group>"; };
		352D202B8393E0B91942563B /* PanelLayout.swift */ = {isa = PBXFileReference; lastKnownFileType = sourcecode.swift; path = PanelLayout.swift; sourceTree = "<group>"; };
		391239378827B9FEE73C2CC6 /* WTGeometry */ = {isa = PBXFileReference; lastKnownFileType = folder; name = WTGeometry; path = Packages/WTGeometry; sourceTree = SOURCE_ROOT; };
		3A02F3DD73CCCD58B47B512E /* PanelID.swift */ = {isa = PBXFileReference; lastKnownFileType = sourcecode.swift; path = PanelID.swift; sourceTree = "<group>"; };
		3E5D6C25212155353C087E60 /* Signing.xcconfig */ = {isa = PBXFileReference; lastKnownFileType = text.xcconfig; path = Signing.xcconfig; sourceTree = "<group>"; };
		3E791ECB2B368B1A8E804D8F /* PanelDockController.swift */ = {isa = PBXFileReference; lastKnownFileType = sourcecode.swift; path = PanelDockController.swift; sourceTree = "<group>"; };
		40FCE9056D1A0314C8064D48 /* RectangleSketchTool.swift */ = {isa = PBXFileReference; lastKnownFileType = sourcecode.swift; path = RectangleSketchTool.swift; sourceTree = "<group>"; };
		43564F7438F68FE69C6D54BC /* CanvasNavigation.swift */ = {isa = PBXFileReference; lastKnownFileType = sourcecode.swift; path = CanvasNavigation.swift; sourceTree = "<group>"; };
		460B71B23E673F75D7DD782E /* WTModel */ = {isa = PBXFileReference; lastKnownFileType = folder; name = WTModel; path = Packages/WTModel; sourceTree = SOURCE_ROOT; };
		46E8405C34C44A536CFC2944 /* PanelRegistryTests.swift */ = {isa = PBXFileReference; lastKnownFileType = sourcecode.swift; path = PanelRegistryTests.swift; sourceTree = "<group>"; };
		484A7B706CA8D88B936AB511 /* WTSync */ = {isa = PBXFileReference; lastKnownFileType = folder; name = WTSync; path = Packages/WTSync; sourceTree = SOURCE_ROOT; };
		48D21B91A91C4A181F99FDBF /* PreferencesWindowController.swift */ = {isa = PBXFileReference; lastKnownFileType = sourcecode.swift; path = PreferencesWindowController.swift; sourceTree = "<group>"; };
		4BDD02E21CA8F0FB77F6C0C2 /* WindowStateStore.swift */ = {isa = PBXFileReference; lastKnownFileType = sourcecode.swift; path = WindowStateStore.swift; sourceTree = "<group>"; };
		56BEDCCF536AA5A6AC6A3995 /* KeyEquivalent.swift */ = {isa = PBXFileReference; lastKnownFileType = sourcecode.swift; path = KeyEquivalent.swift; sourceTree = "<group>"; };
		5DA2F15495C3C971FBA861BA /* WireTuner.app */ = {isa = PBXFileReference; explicitFileType = wrapper.application; includeInIndex = 0; path = WireTuner.app; sourceTree = BUILT_PRODUCTS_DIR; };
		656E8AB3DBD70AC4B517E423 /* PanelLayoutStore.swift */ = {isa = PBXFileReference; lastKnownFileType = sourcecode.swift; path = PanelLayoutStore.swift; sourceTree = "<group>"; };
		6972F2F5F4CBB416BB21BC4A /* WTInterchange */ = {isa = PBXFileReference; lastKnownFileType = folder; name = WTInterchange; path = Packages/WTInterchange; sourceTree = SOURCE_ROOT; };
		704C825199E9853360D5498B /* DockTests.swift */ = {isa = PBXFileReference; lastKnownFileType = sourcecode.swift; path = DockTests.swift; sourceTree = "<group>"; };
		72A919DDFD79C472BB83F545 /* PanelRegistry.swift */ = {isa = PBXFileReference; lastKnownFileType = sourcecode.swift; path = PanelRegistry.swift; sourceTree = "<group>"; };
		74E963B003B9FDBC0688BF24 /* Tool.swift */ = {isa = PBXFileReference; lastKnownFileType = sourcecode.swift; path = Tool.swift; sourceTree = "<group>"; };
		812146D44B1BF458D8834854 /* DocumentWindowTests.swift */ = {isa = PBXFileReference; lastKnownFileType = sourcecode.swift; path = DocumentWindowTests.swift; sourceTree = "<group>"; };
		864D7ED4058E0748A46DD4AF /* KeyEquivalentResolver.swift */ = {isa = PBXFileReference; lastKnownFileType = sourcecode.swift; path = KeyEquivalentResolver.swift; sourceTree = "<group>"; };
		8659B460833F9084505F2CFD /* StatusBarView.swift */ = {isa = PBXFileReference; lastKnownFileType = sourcecode.swift; path = StatusBarView.swift; sourceTree = "<group>"; };
		88755C0FD8668FA5395E356E /* PreferenceKey.swift */ = {isa = PBXFileReference; lastKnownFileType = sourcecode.swift; path = PreferenceKey.swift; sourceTree = "<group>"; };
		89E0BCC92D5EA76458AB33C3 /* PanelDescriptor.swift */ = {isa = PBXFileReference; lastKnownFileType = sourcecode.swift; path = PanelDescriptor.swift; sourceTree = "<group>"; };
		8BAF17EA9FE70DFB02F0C115 /* PreferenceStore.swift */ = {isa = PBXFileReference; lastKnownFileType = sourcecode.swift; path = PreferenceStore.swift; sourceTree = "<group>"; };
		8D6D21EBB6888AF21EF58BCB /* TemporaryToolMachineTests.swift */ = {isa = PBXFileReference; lastKnownFileType = sourcecode.swift; path = TemporaryToolMachineTests.swift; sourceTree = "<group>"; };
		9B18BFC41E9275223644EB3C /* ToolManager.swift */ = {isa = PBXFileReference; lastKnownFileType = sourcecode.swift; path = ToolManager.swift; sourceTree = "<group>"; };
		9DE4558C99E3E4F45DE69B93 /* PreferenceValue.swift */ = {isa = PBXFileReference; lastKnownFileType = sourcecode.swift; path = PreferenceValue.swift; sourceTree = "<group>"; };
		A1DEA3D35D7FAB355B9C07D8 /* ToolsPanel.swift */ = {isa = PBXFileReference; lastKnownFileType = sourcecode.swift; path = ToolsPanel.swift; sourceTree = "<group>"; };
		A4C5E714998DEF20273E4046 /* CanvasNavigationTests.swift */ = {isa = PBXFileReference; lastKnownFileType = sourcecode.swift; path = CanvasNavigationTests.swift; sourceTree = "<group>"; };
		A5BEA0DD82E5423AEA35D3B9 /* StandardCommands.swift */ = {isa = PBXFileReference; lastKnownFileType = sourcecode.swift; path = StandardCommands.swift; sourceTree = "<group>"; };
		A6B0651E3AADCA793911E3DD /* CanvasOrientationTests.swift */ = {isa = PBXFileReference; lastKnownFileType = sourcecode.swift; path = CanvasOrientationTests.swift; sourceTree = "<group>"; };
		A7436A680B89B80F08932FFB /* ViewCommands.swift */ = {isa = PBXFileReference; lastKnownFileType = sourcecode.swift; path = ViewCommands.swift; sourceTree = "<group>"; };
		A8373963850ABC898BFBF1F7 /* WireTunerTests.xctest */ = {isa = PBXFileReference; explicitFileType = wrapper.cfbundle; includeInIndex = 0; path = WireTunerTests.xctest; sourceTree = BUILT_PRODUCTS_DIR; };
		A98EF394B63F85812A1FA732 /* ShortcutSetTests.swift */ = {isa = PBXFileReference; lastKnownFileType = sourcecode.swift; path = ShortcutSetTests.swift; sourceTree = "<group>"; };
		AA82915A7FF8E3762949419A /* GeometryBridge.swift */ = {isa = PBXFileReference; lastKnownFileType = sourcecode.swift; path = GeometryBridge.swift; sourceTree = "<group>"; };
		B1512FEFB9F1C1DCFCD7C6C9 /* CommandID.swift */ = {isa = PBXFileReference; lastKnownFileType = sourcecode.swift; path = CommandID.swift; sourceTree = "<group>"; };
		B3A8A8993E9F8973C309CD75 /* ToolManagerTests.swift */ = {isa = PBXFileReference; lastKnownFileType = sourcecode.swift; path = ToolManagerTests.swift; sourceTree = "<group>"; };
		B4B76F0AD350CA8DC531B2AA /* PreferenceForm.swift */ = {isa = PBXFileReference; lastKnownFileType = sourcecode.swift; path = PreferenceForm.swift; sourceTree = "<group>"; };
		B8D5F817250F1C205B441B67 /* CommandRegistryTests.swift */ = {isa = PBXFileReference; lastKnownFileType = sourcecode.swift; path = CommandRegistryTests.swift; sourceTree = "<group>"; };
		BA559F4D67053E6B84D9EE08 /* AppDelegate.swift */ = {isa = PBXFileReference; lastKnownFileType = sourcecode.swift; path = AppDelegate.swift; sourceTree = "<group>"; };
		BC0877DB0215D82C93104D44 /* DocumentHandle.swift */ = {isa = PBXFileReference; lastKnownFileType = sourcecode.swift; path = DocumentHandle.swift; sourceTree = "<group>"; };
		C1CC69566FDE59C3143D23EF /* BuiltInTools.swift */ = {isa = PBXFileReference; lastKnownFileType = sourcecode.swift; path = BuiltInTools.swift; sourceTree = "<group>"; };
		C3F49D2493A6ADF0FD89AA6C /* CanvasEventTranslator.swift */ = {isa = PBXFileReference; lastKnownFileType = sourcecode.swift; path = CanvasEventTranslator.swift; sourceTree = "<group>"; };
		C46E9C5BB2BE0B59C198A387 /* PlaceholderPanels.swift */ = {isa = PBXFileReference; lastKnownFileType = sourcecode.swift; path = PlaceholderPanels.swift; sourceTree = "<group>"; };
		C5A73FB23FC6A3950EE219F2 /* KeyEquivalentTests.swift */ = {isa = PBXFileReference; lastKnownFileType = sourcecode.swift; path = KeyEquivalentTests.swift; sourceTree = "<group>"; };
		C99CD9C6218FA1BED9F30C5D /* LaunchTests.swift */ = {isa = PBXFileReference; lastKnownFileType = sourcecode.swift; path = LaunchTests.swift; sourceTree = "<group>"; };
		CD3D9F499BD1D007519E6378 /* PreferenceCatalog.swift */ = {isa = PBXFileReference; lastKnownFileType = sourcecode.swift; path = PreferenceCatalog.swift; sourceTree = "<group>"; };
		CE801CF1BD010375CB3CE64E /* CommandRegistry.swift */ = {isa = PBXFileReference; lastKnownFileType = sourcecode.swift; path = CommandRegistry.swift; sourceTree = "<group>"; };
		D057094D2926BE8A863C30B7 /* CanvasPerformanceTests.swift */ = {isa = PBXFileReference; lastKnownFileType = sourcecode.swift; path = CanvasPerformanceTests.swift; sourceTree = "<group>"; };
		D12309DE456E5D0E56AA5411 /* WTTestSupport */ = {isa = PBXFileReference; lastKnownFileType = folder; name = WTTestSupport; path = Packages/WTTestSupport; sourceTree = SOURCE_ROOT; };
		DC239E118ADA1229304FF5E7 /* PanelDockTests.swift */ = {isa = PBXFileReference; lastKnownFileType = sourcecode.swift; path = PanelDockTests.swift; sourceTree = "<group>"; };
		DD539A99543C6E841A2BB04A /* MenuTreeTests.swift */ = {isa = PBXFileReference; lastKnownFileType = sourcecode.swift; path = MenuTreeTests.swift; sourceTree = "<group>"; };
		DF80459F6F7F73289C8AD178 /* DocumentWindowController.swift */ = {isa = PBXFileReference; lastKnownFileType = sourcecode.swift; path = DocumentWindowController.swift; sourceTree = "<group>"; };
		E18284E6402FC6A70286B28C /* ShortcutSet.swift */ = {isa = PBXFileReference; lastKnownFileType = sourcecode.swift; path = ShortcutSet.swift; sourceTree = "<group>"; };
		E25848144CAA67025DFEB76F /* WireTunerUITests.xctest */ = {isa = PBXFileReference; explicitFileType = wrapper.cfbundle; includeInIndex = 0; path = WireTunerUITests.xctest; sourceTree = BUILT_PRODUCTS_DIR; };
		E75E4FA554C827D25E354ACF /* WTProto */ = {isa = PBXFileReference; lastKnownFileType = folder; name = WTProto; path = Packages/WTProto; sourceTree = SOURCE_ROOT; };
		E9734417E31F42CF25967614 /* PanelLayoutControllerTests.swift */ = {isa = PBXFileReference; lastKnownFileType = sourcecode.swift; path = PanelLayoutControllerTests.swift; sourceTree = "<group>"; };
		EA54A0CCE45BDCEBE1156BA1 /* CanvasScrollerModel.swift */ = {isa = PBXFileReference; lastKnownFileType = sourcecode.swift; path = CanvasScrollerModel.swift; sourceTree = "<group>"; };
		ECD0B0BFA0E4AA6BC5BFBDDD /* DocumentController.swift */ = {isa = PBXFileReference; lastKnownFileType = sourcecode.swift; path = DocumentController.swift; sourceTree = "<group>"; };
		ED63417FF8C44E31F8AA8AC5 /* ToolRegistry.swift */ = {isa = PBXFileReference; lastKnownFileType = sourcecode.swift; path = ToolRegistry.swift; sourceTree = "<group>"; };
		EE080E8B3098E437FD845109 /* PreferenceCommands.swift */ = {isa = PBXFileReference; lastKnownFileType = sourcecode.swift; path = PreferenceCommands.swift; sourceTree = "<group>"; };
		EF3629251571E6254B2D29FB /* CanvasView.swift */ = {isa = PBXFileReference; lastKnownFileType = sourcecode.swift; path = CanvasView.swift; sourceTree = "<group>"; };
		F0E2E2C5FD9C65483CAE12CB /* MainMenuBuilder.swift */ = {isa = PBXFileReference; lastKnownFileType = sourcecode.swift; path = MainMenuBuilder.swift; sourceTree = "<group>"; };
		F45AA9674CB4446BE7055CA1 /* TestEnvironment.swift */ = {isa = PBXFileReference; lastKnownFileType = sourcecode.swift; path = TestEnvironment.swift; sourceTree = "<group>"; };
		FF71F4B37BBF04BC5AE6E070 /* WTText */ = {isa = PBXFileReference; lastKnownFileType = folder; name = WTText; path = Packages/WTText; sourceTree = SOURCE_ROOT; };
/* End PBXFileReference section */

/* Begin PBXFrameworksBuildPhase section */
		CC3AB9382F5AB459DB10948A /* Frameworks */ = {
			isa = PBXFrameworksBuildPhase;
			buildActionMask = 2147483647;
			files = (
				4E759190313AFF4BA297E5BD /* WTProto in Frameworks */,
				1A84CC0C77CAEADD7EA6D532 /* WTCRDT in Frameworks */,
				364AFDCD5C52E959E60E5AEE /* WTModel in Frameworks */,
				00A8E5921B0273408FF2582C /* WTSync in Frameworks */,
				65B2DD8A43DDF8CAF3803D45 /* WTGeometry in Frameworks */,
				FCF6121947A69E9DD2AE3F3A /* WTRender in Frameworks */,
				1D8999F10F24DD8CC03713F6 /* WTText in Frameworks */,
				C72227A3FC3EF6FA6C368A68 /* WTInterchange in Frameworks */,
				FCCAA7C0A2B14239132D876E /* Sparkle in Frameworks */,
			);
			runOnlyForDeploymentPostprocessing = 0;
		};
/* End PBXFrameworksBuildPhase section */

/* Begin PBXGroup section */
		3E7BBBDD3361A2D66501BCC8 /* Tools */ = {
			isa = PBXGroup;
			children = (
				C1CC69566FDE59C3143D23EF /* BuiltInTools.swift */,
				C3F49D2493A6ADF0FD89AA6C /* CanvasEventTranslator.swift */,
				40FCE9056D1A0314C8064D48 /* RectangleSketchTool.swift */,
				0C309E1955A40A577CEA87D1 /* TemporaryToolMachine.swift */,
				74E963B003B9FDBC0688BF24 /* Tool.swift */,
				9B18BFC41E9275223644EB3C /* ToolManager.swift */,
				ED63417FF8C44E31F8AA8AC5 /* ToolRegistry.swift */,
				A1DEA3D35D7FAB355B9C07D8 /* ToolsPanel.swift */,
			);
			path = Tools;
			sourceTree = "<group>";
		};
		3F73FE9C0E053C9AF540D15F /* Document */ = {
			isa = PBXGroup;
			children = (
				43564F7438F68FE69C6D54BC /* CanvasNavigation.swift */,
				EA54A0CCE45BDCEBE1156BA1 /* CanvasScrollerModel.swift */,
				EF3629251571E6254B2D29FB /* CanvasView.swift */,
				ECD0B0BFA0E4AA6BC5BFBDDD /* DocumentController.swift */,
				BC0877DB0215D82C93104D44 /* DocumentHandle.swift */,
				DF80459F6F7F73289C8AD178 /* DocumentWindowController.swift */,
				AA82915A7FF8E3762949419A /* GeometryBridge.swift */,
				2D4758DB7ADD7C15BC02319E /* MagnificationFormat.swift */,
				2F93D487B956CA64005DBEFB /* RulerHostView.swift */,
				8659B460833F9084505F2CFD /* StatusBarView.swift */,
				A7436A680B89B80F08932FFB /* ViewCommands.swift */,
				219ECB19757C04028A5A95FA /* ViewMode.swift */,
				4BDD02E21CA8F0FB77F6C0C2 /* WindowStateStore.swift */,
			);
			path = Document;
			sourceTree = "<group>";
		};
		3FD8D03570505216E2764A5B /* WTApp */ = {
			isa = PBXGroup;
			children = (
				F8DFF3CFDABAC2E620A3A319 /* Commands */,
				3F73FE9C0E053C9AF540D15F /* Document */,
				57E8071B6BC406957BD23B48 /* Panels */,
				8FC5524E924B658A42C7A8AF /* Preferences */,
				3E7BBBDD3361A2D66501BCC8 /* Tools */,
				BA559F4D67053E6B84D9EE08 /* AppDelegate.swift */,
			);
			path = WTApp;
			sourceTree = "<group>";
		};
		57E8071B6BC406957BD23B48 /* Panels */ = {
			isa = PBXGroup;
			children = (
				2088A26FF2592954FFDDFE3E /* PanelCommands.swift */,
				89E0BCC92D5EA76458AB33C3 /* PanelDescriptor.swift */,
				3E791ECB2B368B1A8E804D8F /* PanelDockController.swift */,
				3A02F3DD73CCCD58B47B512E /* PanelID.swift */,
				352D202B8393E0B91942563B /* PanelLayout.swift */,
				34051624C25EBC2F306EEE92 /* PanelLayoutController.swift */,
				656E8AB3DBD70AC4B517E423 /* PanelLayoutStore.swift */,
				72A919DDFD79C472BB83F545 /* PanelRegistry.swift */,
				C46E9C5BB2BE0B59C198A387 /* PlaceholderPanels.swift */,
			);
			path = Panels;
			sourceTree = "<group>";
		};
		6B6E868406FE01C54FC2800A /* WTAppUITests */ = {
			isa = PBXGroup;
			children = (
				704C825199E9853360D5498B /* DockTests.swift */,
				C99CD9C6218FA1BED9F30C5D /* LaunchTests.swift */,
			);
			path = WTAppUITests;
			sourceTree = "<group>";
		};
		6B8C550F8B8C2B4B85B24965 = {
			isa = PBXGroup;
			children = (
				3FD8D03570505216E2764A5B /* WTApp */,
				DE3773AA4BCAF3E7BFBFB57B /* WTAppTests */,
				6B6E868406FE01C54FC2800A /* WTAppUITests */,
				D931F7B1FE31A4938161F5DE /* Config */,
				71552818E1C50C33CC658E65 /* Packages */,
				BE0F1D8B1D3F100D2BFD8E54 /* Products */,
			);
			sourceTree = "<group>";
		};
		71552818E1C50C33CC658E65 /* Packages */ = {
			isa = PBXGroup;
			children = (
				17DCB90ECA11D7A4BB285BD2 /* WTCRDT */,
				391239378827B9FEE73C2CC6 /* WTGeometry */,
				6972F2F5F4CBB416BB21BC4A /* WTInterchange */,
				460B71B23E673F75D7DD782E /* WTModel */,
				E75E4FA554C827D25E354ACF /* WTProto */,
				0552EFEE2D0D7BF3287AC1CB /* WTRender */,
				484A7B706CA8D88B936AB511 /* WTSync */,
				D12309DE456E5D0E56AA5411 /* WTTestSupport */,
				FF71F4B37BBF04BC5AE6E070 /* WTText */,
			);
			path = Packages;
			sourceTree = "<group>";
		};
		8FC5524E924B658A42C7A8AF /* Preferences */ = {
			isa = PBXGroup;
			children = (
				CD3D9F499BD1D007519E6378 /* PreferenceCatalog.swift */,
				EE080E8B3098E437FD845109 /* PreferenceCommands.swift */,
				B4B76F0AD350CA8DC531B2AA /* PreferenceForm.swift */,
				88755C0FD8668FA5395E356E /* PreferenceKey.swift */,
				8BAF17EA9FE70DFB02F0C115 /* PreferenceStore.swift */,
				48D21B91A91C4A181F99FDBF /* PreferencesWindowController.swift */,
				9DE4558C99E3E4F45DE69B93 /* PreferenceValue.swift */,
			);
			path = Preferences;
			sourceTree = "<group>";
		};
		B85D57DEC6658BD09F193EE4 /* Support */ = {
			isa = PBXGroup;
			children = (
				F45AA9674CB4446BE7055CA1 /* TestEnvironment.swift */,
			);
			path = Support;
			sourceTree = "<group>";
		};
		BE0F1D8B1D3F100D2BFD8E54 /* Products */ = {
			isa = PBXGroup;
			children = (
				5DA2F15495C3C971FBA861BA /* WireTuner.app */,
				A8373963850ABC898BFBF1F7 /* WireTunerTests.xctest */,
				E25848144CAA67025DFEB76F /* WireTunerUITests.xctest */,
			);
			name = Products;
			sourceTree = "<group>";
		};
		D931F7B1FE31A4938161F5DE /* Config */ = {
			isa = PBXGroup;
			children = (
				3E5D6C25212155353C087E60 /* Signing.xcconfig */,
			);
			path = Config;
			sourceTree = "<group>";
		};
		DE3773AA4BCAF3E7BFBFB57B /* WTAppTests */ = {
			isa = PBXGroup;
			children = (
				B85D57DEC6658BD09F193EE4 /* Support */,
				A4C5E714998DEF20273E4046 /* CanvasNavigationTests.swift */,
				A6B0651E3AADCA793911E3DD /* CanvasOrientationTests.swift */,
				D057094D2926BE8A863C30B7 /* CanvasPerformanceTests.swift */,
				B8D5F817250F1C205B441B67 /* CommandRegistryTests.swift */,
				812146D44B1BF458D8834854 /* DocumentWindowTests.swift */,
				C5A73FB23FC6A3950EE219F2 /* KeyEquivalentTests.swift */,
				DD539A99543C6E841A2BB04A /* MenuTreeTests.swift */,
				DC239E118ADA1229304FF5E7 /* PanelDockTests.swift */,
				E9734417E31F42CF25967614 /* PanelLayoutControllerTests.swift */,
				29D97497B47C9702BD8AD0E7 /* PanelLayoutTests.swift */,
				46E8405C34C44A536CFC2944 /* PanelRegistryTests.swift */,
				1327BE8B439F5E12B3450E50 /* PreferenceTests.swift */,
				A98EF394B63F85812A1FA732 /* ShortcutSetTests.swift */,
				8D6D21EBB6888AF21EF58BCB /* TemporaryToolMachineTests.swift */,
				B3A8A8993E9F8973C309CD75 /* ToolManagerTests.swift */,
				1C850205BEF75FD2F88647D9 /* ToolTests.swift */,
			);
			path = WTAppTests;
			sourceTree = "<group>";
		};
		F8DFF3CFDABAC2E620A3A319 /* Commands */ = {
			isa = PBXGroup;
			children = (
				26D2DCB38B35473908EBEE3A /* Command.swift */,
				B1512FEFB9F1C1DCFCD7C6C9 /* CommandID.swift */,
				CE801CF1BD010375CB3CE64E /* CommandRegistry.swift */,
				56BEDCCF536AA5A6AC6A3995 /* KeyEquivalent.swift */,
				864D7ED4058E0748A46DD4AF /* KeyEquivalentResolver.swift */,
				F0E2E2C5FD9C65483CAE12CB /* MainMenuBuilder.swift */,
				2A0D8F43A952271C28A18B88 /* MenuTree.swift */,
				E18284E6402FC6A70286B28C /* ShortcutSet.swift */,
				A5BEA0DD82E5423AEA35D3B9 /* StandardCommands.swift */,
			);
			path = Commands;
			sourceTree = "<group>";
		};
/* End PBXGroup section */

/* Begin PBXNativeTarget section */
		1414F74DF5568673718915C6 /* WireTunerTests */ = {
			isa = PBXNativeTarget;
			buildConfigurationList = E2BD6BA54604F0D7AD93AF7E /* Build configuration list for PBXNativeTarget "WireTunerTests" */;
			buildPhases = (
				A9B3856742877362969B207F /* Sources */,
			);
			buildRules = (
			);
			dependencies = (
				018EE3CBDD7B97A87919F052 /* PBXTargetDependency */,
			);
			name = WireTunerTests;
			packageProductDependencies = (
			);
			productName = WireTunerTests;
			productReference = A8373963850ABC898BFBF1F7 /* WireTunerTests.xctest */;
			productType = "com.apple.product-type.bundle.unit-test";
		};
		7B2EEB813436C79F16C9BE13 /* WireTunerUITests */ = {
			isa = PBXNativeTarget;
			buildConfigurationList = 8810B3F248B29E6120AA7970 /* Build configuration list for PBXNativeTarget "WireTunerUITests" */;
			buildPhases = (
				BF4D21DEBCD4675A271BC1F2 /* Sources */,
			);
			buildRules = (
			);
			dependencies = (
				FC493F8B677A2B2CAC4AE986 /* PBXTargetDependency */,
			);
			name = WireTunerUITests;
			packageProductDependencies = (
			);
			productName = WireTunerUITests;
			productReference = E25848144CAA67025DFEB76F /* WireTunerUITests.xctest */;
			productType = "com.apple.product-type.bundle.ui-testing";
		};
		91272E66766A86F043D79FFE /* WireTuner */ = {
			isa = PBXNativeTarget;
			buildConfigurationList = 0A920CF03A2AD3C6677D9ED3 /* Build configuration list for PBXNativeTarget "WireTuner" */;
			buildPhases = (
				1DE3AF0C44EDF7CA9922EAA8 /* Sources */,
				CC3AB9382F5AB459DB10948A /* Frameworks */,
			);
			buildRules = (
			);
			dependencies = (
			);
			name = WireTuner;
			packageProductDependencies = (
				41651617B1CA311751CEFAA9 /* WTProto */,
				BAE3DB4DC8F06661870A2657 /* WTCRDT */,
				D7CCC596AE0E2B551643E221 /* WTModel */,
				471B5A84CD7866567E0FC54B /* WTSync */,
				60AA0F560C13C7F9DAB07F68 /* WTGeometry */,
				0E3C267385D7C4EC7FE62D3B /* WTRender */,
				08C3675137E50641A70094F8 /* WTText */,
				00D86B1A32BF132424E66A31 /* WTInterchange */,
				A21803070916F2818F09638E /* Sparkle */,
			);
			productName = WireTuner;
			productReference = 5DA2F15495C3C971FBA861BA /* WireTuner.app */;
			productType = "com.apple.product-type.application";
		};
/* End PBXNativeTarget section */

/* Begin PBXProject section */
		1A09B63C62D68F8DD5E7CEDE /* Project object */ = {
			isa = PBXProject;
			attributes = {
				BuildIndependentTargetsInParallel = YES;
				LastUpgradeCheck = 1430;
				TargetAttributes = {
					1414F74DF5568673718915C6 = {
						ProvisioningStyle = Manual;
					};
					7B2EEB813436C79F16C9BE13 = {
						ProvisioningStyle = Manual;
						TestTargetID = 91272E66766A86F043D79FFE;
					};
					91272E66766A86F043D79FFE = {
						ProvisioningStyle = Manual;
					};
				};
			};
			buildConfigurationList = 6E5332490CA3F7B545C3D058 /* Build configuration list for PBXProject "WireTuner" */;
			developmentRegion = en;
			hasScannedForEncodings = 0;
			knownRegions = (
				Base,
				en,
			);
			mainGroup = 6B8C550F8B8C2B4B85B24965;
			minimizedProjectReferenceProxies = 1;
			packageReferences = (
				0B5F4DCC572B0F8A2731B5CA /* XCRemoteSwiftPackageReference "Sparkle" */,
				28BFBD8D0C9ACADE235351B5 /* XCLocalSwiftPackageReference "Packages/WTCRDT" */,
				80DBC61EF926C40B57FB7599 /* XCLocalSwiftPackageReference "Packages/WTGeometry" */,
				26469CD080F5B3ACC8CA03AA /* XCLocalSwiftPackageReference "Packages/WTInterchange" */,
				F802E1D73B28EF7EC3A7198B /* XCLocalSwiftPackageReference "Packages/WTModel" */,
				86059FF4CCFC4076550FCF44 /* XCLocalSwiftPackageReference "Packages/WTProto" */,
				49751FA7D4A9E3E2A2D8BEE3 /* XCLocalSwiftPackageReference "Packages/WTRender" */,
				04F39ABE2806D45189FBC442 /* XCLocalSwiftPackageReference "Packages/WTSync" */,
				B374304461288DA6ECF86C38 /* XCLocalSwiftPackageReference "Packages/WTTestSupport" */,
				D8C64F099128F7EF1424BDE6 /* XCLocalSwiftPackageReference "Packages/WTText" */,
			);
			preferredProjectObjectVersion = 77;
			productRefGroup = BE0F1D8B1D3F100D2BFD8E54 /* Products */;
			projectDirPath = "";
			projectRoot = "";
			targets = (
				91272E66766A86F043D79FFE /* WireTuner */,
				1414F74DF5568673718915C6 /* WireTunerTests */,
				7B2EEB813436C79F16C9BE13 /* WireTunerUITests */,
			);
		};
/* End PBXProject section */

/* Begin PBXSourcesBuildPhase section */
		1DE3AF0C44EDF7CA9922EAA8 /* Sources */ = {
			isa = PBXSourcesBuildPhase;
			buildActionMask = 2147483647;
			files = (
				11ECC5BDC4555C7CE02E3375 /* AppDelegate.swift in Sources */,
				2F42F251CD5FB361F35BFAB9 /* BuiltInTools.swift in Sources */,
				089929CF96B075FD07178CF8 /* CanvasEventTranslator.swift in Sources */,
				80F17677DD46F90804D49A71 /* CanvasNavigation.swift in Sources */,
				E917637578C01BE0479A7ECD /* CanvasScrollerModel.swift in Sources */,
				3A089F1B4B28F06764D467E3 /* CanvasView.swift in Sources */,
				FF23E035CF3C3DFC49B5E31B /* Command.swift in Sources */,
				833ACCA643319DCF4D8C4E33 /* CommandID.swift in Sources */,
				69766AB9FDA7276047BD75DA /* CommandRegistry.swift in Sources */,
				D922AE765B77AC58846F5325 /* DocumentController.swift in Sources */,
				FBAE8540761289EB41800BBE /* DocumentHandle.swift in Sources */,
				633DD56602E60A51865E9DB6 /* DocumentWindowController.swift in Sources */,
				8EC8CA9541B7E5512DA9B0B4 /* GeometryBridge.swift in Sources */,
				FCEB7B894FB3CEA9D4E7E3B9 /* KeyEquivalent.swift in Sources */,
				85F2B2FC8B8F12B4B968803F /* KeyEquivalentResolver.swift in Sources */,
				376512B2D22CE521BF9ABC44 /* MagnificationFormat.swift in Sources */,
				E8A16002F7DDEA23AE135AB9 /* MainMenuBuilder.swift in Sources */,
				01EC77E6D6E708E67C48D94C /* MenuTree.swift in Sources */,
				D943A22796246EA3E2EB35E1 /* PanelCommands.swift in Sources */,
				0BB3920DA81AB10E094C3DF5 /* PanelDescriptor.swift in Sources */,
				3E9812AA700E470404EB0A21 /* PanelDockController.swift in Sources */,
				5C914428ED5729BFC3755F28 /* PanelID.swift in Sources */,
				69950C13F0B3ED9F9AEA33AC /* PanelLayout.swift in Sources */,
				1137CFA677D5EF1E3D2F6BCD /* PanelLayoutController.swift in Sources */,
				7BB65D12B8AF3B10D0FEA6CE /* PanelLayoutStore.swift in Sources */,
				706CF7F9AECC6A01A5232441 /* PanelRegistry.swift in Sources */,
				96E99C921E244205F0BA4C1E /* PlaceholderPanels.swift in Sources */,
				2CF8FF51543BBE4B4FE1A58F /* PreferenceCatalog.swift in Sources */,
				6361EC92247E03F9E6BEC7C0 /* PreferenceCommands.swift in Sources */,
				BEE78B445C9F33557169F01F /* PreferenceForm.swift in Sources */,
				B093AD4A81605331DC514626 /* PreferenceKey.swift in Sources */,
				521D87EEE8CB996BDE425ADC /* PreferenceStore.swift in Sources */,
				BB4D291D8AA44EAA8C972EF3 /* PreferenceValue.swift in Sources */,
				7336B5BB62E063CC9C2B01BA /* PreferencesWindowController.swift in Sources */,
				3A26A2EC2E146B0ACD6C571A /* RectangleSketchTool.swift in Sources */,
				C8ACDC26250419F798419AB3 /* RulerHostView.swift in Sources */,
				3F9B5ACA197D9B08151F8FAA /* ShortcutSet.swift in Sources */,
				B9A9D28E6B39E941DCEAD977 /* StandardCommands.swift in Sources */,
				B6012D4A08AE84F13A6B5115 /* StatusBarView.swift in Sources */,
				D96DCF1988700BA98B318118 /* TemporaryToolMachine.swift in Sources */,
				1D8610FF1068A43C6BA8EC95 /* Tool.swift in Sources */,
				FB8B3C1F1E78A13880735155 /* ToolManager.swift in Sources */,
				701DF9A49ABE373D8D156D84 /* ToolRegistry.swift in Sources */,
				7455767996D59DB01BD74656 /* ToolsPanel.swift in Sources */,
				975D1B9912E57C7EA428C6B0 /* ViewCommands.swift in Sources */,
				010AF45A7DB2F50772095EBE /* ViewMode.swift in Sources */,
				D563403C932236A847A85B26 /* WindowStateStore.swift in Sources */,
			);
			runOnlyForDeploymentPostprocessing = 0;
		};
		A9B3856742877362969B207F /* Sources */ = {
			isa = PBXSourcesBuildPhase;
			buildActionMask = 2147483647;
			files = (
				28F2F1AAD9841A0CEF12B249 /* CanvasNavigationTests.swift in Sources */,
				5DE69DC23A9D0B95D3C61149 /* CanvasOrientationTests.swift in Sources */,
				349F82221FEB03BACEF40CB4 /* CanvasPerformanceTests.swift in Sources */,
				17FF0E112E376E269065340C /* CommandRegistryTests.swift in Sources */,
				0F99A74ABAF2405DE0EF8717 /* DocumentWindowTests.swift in Sources */,
				5C69D90A09405C76CDA8AE4C /* KeyEquivalentTests.swift in Sources */,
				2432ABCDFB5C099F14405220 /* MenuTreeTests.swift in Sources */,
				2F8AECCC98A2059250D201DD /* PanelDockTests.swift in Sources */,
				F65F027F8051F0EEA26574AC /* PanelLayoutControllerTests.swift in Sources */,
				38D8C7466DA17C00D1D21AC7 /* PanelLayoutTests.swift in Sources */,
				2F48C0AB3FD5CE3B27A4947D /* PanelRegistryTests.swift in Sources */,
				93EC1286F7D4CAE745E539F2 /* PreferenceTests.swift in Sources */,
				C2D3B1FAEAE0B9212822B894 /* ShortcutSetTests.swift in Sources */,
				E3796B7E18DCE736A36B769B /* TemporaryToolMachineTests.swift in Sources */,
				547CF0C017D334D42BA6E537 /* TestEnvironment.swift in Sources */,
				5426B5806CC83153C82A9AA2 /* ToolManagerTests.swift in Sources */,
				EECD4D6A63788582C211101B /* ToolTests.swift in Sources */,
			);
			runOnlyForDeploymentPostprocessing = 0;
		};
		BF4D21DEBCD4675A271BC1F2 /* Sources */ = {
			isa = PBXSourcesBuildPhase;
			buildActionMask = 2147483647;
			files = (
				E4DFCEB5648FEC8B5FBACF38 /* DockTests.swift in Sources */,
				12AA9AF714AA828F811E00EE /* LaunchTests.swift in Sources */,
			);
			runOnlyForDeploymentPostprocessing = 0;
		};
/* End PBXSourcesBuildPhase section */

/* Begin PBXTargetDependency section */
		018EE3CBDD7B97A87919F052 /* PBXTargetDependency */ = {
			isa = PBXTargetDependency;
			target = 91272E66766A86F043D79FFE /* WireTuner */;
			targetProxy = E96DE9F5745BF98ED2649FC4 /* PBXContainerItemProxy */;
		};
		FC493F8B677A2B2CAC4AE986 /* PBXTargetDependency */ = {
			isa = PBXTargetDependency;
			target = 91272E66766A86F043D79FFE /* WireTuner */;
			targetProxy = DA27A8F87ADB677C307213F4 /* PBXContainerItemProxy */;
		};
/* End PBXTargetDependency section */

/* Begin XCBuildConfiguration section */
		102ACD9C49EF81AE412C3FCB /* Release */ = {
			isa = XCBuildConfiguration;
			buildSettings = {
				ASSETCATALOG_COMPILER_APPICON_NAME = AppIcon;
				CODE_SIGN_ENTITLEMENTS = WTApp/WireTuner.entitlements;
				COMBINE_HIDPI_IMAGES = YES;
				ENABLE_HARDENED_RUNTIME = YES;
				GENERATE_INFOPLIST_FILE = NO;
				INFOPLIST_FILE = WTApp/Info.plist;
				LD_RUNPATH_SEARCH_PATHS = (
					"$(inherited)",
					"@executable_path/../Frameworks",
				);
				PRODUCT_BUNDLE_IDENTIFIER = com.villagecompute.wiretuner;
				PRODUCT_NAME = WireTuner;
				SDKROOT = macosx;
			};
			name = Release;
		};
		4DD8A24D930C166C102E9992 /* Debug */ = {
			isa = XCBuildConfiguration;
			baseConfigurationReference = 3E5D6C25212155353C087E60 /* Signing.xcconfig */;
			buildSettings = {
				ALWAYS_SEARCH_USER_PATHS = NO;
				CLANG_ANALYZER_NONNULL = YES;
				CLANG_ANALYZER_NUMBER_OBJECT_CONVERSION = YES_AGGRESSIVE;
				CLANG_CXX_LANGUAGE_STANDARD = "gnu++14";
				CLANG_CXX_LIBRARY = "libc++";
				CLANG_ENABLE_CODE_COVERAGE = YES;
				CLANG_ENABLE_MODULES = YES;
				CLANG_ENABLE_OBJC_ARC = YES;
				CLANG_ENABLE_OBJC_WEAK = YES;
				CLANG_WARN_BLOCK_CAPTURE_AUTORELEASING = YES;
				CLANG_WARN_BOOL_CONVERSION = YES;
				CLANG_WARN_COMMA = YES;
				CLANG_WARN_CONSTANT_CONVERSION = YES;
				CLANG_WARN_DEPRECATED_OBJC_IMPLEMENTATIONS = YES;
				CLANG_WARN_DIRECT_OBJC_ISA_USAGE = YES_ERROR;
				CLANG_WARN_DOCUMENTATION_COMMENTS = YES;
				CLANG_WARN_EMPTY_BODY = YES;
				CLANG_WARN_ENUM_CONVERSION = YES;
				CLANG_WARN_INFINITE_RECURSION = YES;
				CLANG_WARN_INT_CONVERSION = YES;
				CLANG_WARN_NON_LITERAL_NULL_CONVERSION = YES;
				CLANG_WARN_OBJC_IMPLICIT_RETAIN_SELF = YES;
				CLANG_WARN_OBJC_LITERAL_CONVERSION = YES;
				CLANG_WARN_OBJC_ROOT_CLASS = YES_ERROR;
				CLANG_WARN_QUOTED_INCLUDE_IN_FRAMEWORK_HEADER = YES;
				CLANG_WARN_RANGE_LOOP_ANALYSIS = YES;
				CLANG_WARN_STRICT_PROTOTYPES = YES;
				CLANG_WARN_SUSPICIOUS_MOVE = YES;
				CLANG_WARN_UNGUARDED_AVAILABILITY = YES_AGGRESSIVE;
				CLANG_WARN_UNREACHABLE_CODE = YES;
				CLANG_WARN__DUPLICATE_METHOD_MATCH = YES;
				COPY_PHASE_STRIP = NO;
				CURRENT_PROJECT_VERSION = 1;
				DEAD_CODE_STRIPPING = YES;
				DEBUG_INFORMATION_FORMAT = dwarf;
				ENABLE_STRICT_OBJC_MSGSEND = YES;
				ENABLE_TESTABILITY = YES;
				ENABLE_USER_SCRIPT_SANDBOXING = YES;
				GCC_C_LANGUAGE_STANDARD = gnu11;
				GCC_DYNAMIC_NO_PIC = NO;
				GCC_NO_COMMON_BLOCKS = YES;
				GCC_OPTIMIZATION_LEVEL = 0;
				GCC_PREPROCESSOR_DEFINITIONS = (
					"$(inherited)",
					"DEBUG=1",
				);
				GCC_TREAT_WARNINGS_AS_ERRORS = YES;
				GCC_WARN_64_TO_32_BIT_CONVERSION = YES;
				GCC_WARN_ABOUT_RETURN_TYPE = YES_ERROR;
				GCC_WARN_UNDECLARED_SELECTOR = YES;
				GCC_WARN_UNINITIALIZED_AUTOS = YES_AGGRESSIVE;
				GCC_WARN_UNUSED_FUNCTION = YES;
				GCC_WARN_UNUSED_VARIABLE = YES;
				MACOSX_DEPLOYMENT_TARGET = 15.0;
				MARKETING_VERSION = 0.1.0;
				MTL_ENABLE_DEBUG_INFO = INCLUDE_SOURCE;
				MTL_FAST_MATH = YES;
				ONLY_ACTIVE_ARCH = YES;
				PRODUCT_NAME = "$(TARGET_NAME)";
				SDKROOT = macosx;
				SWIFT_ACTIVE_COMPILATION_CONDITIONS = DEBUG;
				SWIFT_OPTIMIZATION_LEVEL = "-Onone";
				SWIFT_STRICT_CONCURRENCY = complete;
				SWIFT_TREAT_WARNINGS_AS_ERRORS = YES;
				SWIFT_VERSION = 6.0;
			};
			name = Debug;
		};
		62607919B77E99F1E6EE0A9C /* Release */ = {
			isa = XCBuildConfiguration;
			buildSettings = {
				BUNDLE_LOADER = "$(TEST_HOST)";
				COMBINE_HIDPI_IMAGES = YES;
				GENERATE_INFOPLIST_FILE = YES;
				LD_RUNPATH_SEARCH_PATHS = (
					"$(inherited)",
					"@executable_path/Frameworks",
					"@loader_path/Frameworks",
				);
				PRODUCT_BUNDLE_IDENTIFIER = com.villagecompute.wiretuner.uitests;
				SDKROOT = macosx;
				TEST_TARGET_NAME = WireTuner;
			};
			name = Release;
		};
		9529FA00165E47325C561D12 /* Release */ = {
			isa = XCBuildConfiguration;
			buildSettings = {
				BUNDLE_LOADER = "$(TEST_HOST)";
				COMBINE_HIDPI_IMAGES = YES;
				GENERATE_INFOPLIST_FILE = YES;
				LD_RUNPATH_SEARCH_PATHS = (
					"$(inherited)",
					"@executable_path/../Frameworks",
					"@loader_path/../Frameworks",
				);
				PRODUCT_BUNDLE_IDENTIFIER = com.villagecompute.wiretuner.tests;
				SDKROOT = macosx;
				TEST_HOST = "$(BUILT_PRODUCTS_DIR)/WireTuner.app/Contents/MacOS/WireTuner";
			};
			name = Release;
		};
		AAF3BA8430A174478B3371E6 /* Debug */ = {
			isa = XCBuildConfiguration;
			buildSettings = {
				BUNDLE_LOADER = "$(TEST_HOST)";
				COMBINE_HIDPI_IMAGES = YES;
				GENERATE_INFOPLIST_FILE = YES;
				LD_RUNPATH_SEARCH_PATHS = (
					"$(inherited)",
					"@executable_path/Frameworks",
					"@loader_path/Frameworks",
				);
				PRODUCT_BUNDLE_IDENTIFIER = com.villagecompute.wiretuner.uitests;
				SDKROOT = macosx;
				TEST_TARGET_NAME = WireTuner;
			};
			name = Debug;
		};
		D2545F932F4FCAE0004AAA1A /* Debug */ = {
			isa = XCBuildConfiguration;
			buildSettings = {
				BUNDLE_LOADER = "$(TEST_HOST)";
				COMBINE_HIDPI_IMAGES = YES;
				GENERATE_INFOPLIST_FILE = YES;
				LD_RUNPATH_SEARCH_PATHS = (
					"$(inherited)",
					"@executable_path/../Frameworks",
					"@loader_path/../Frameworks",
				);
				PRODUCT_BUNDLE_IDENTIFIER = com.villagecompute.wiretuner.tests;
				SDKROOT = macosx;
				TEST_HOST = "$(BUILT_PRODUCTS_DIR)/WireTuner.app/Contents/MacOS/WireTuner";
			};
			name = Debug;
		};
		E13969FF5A5E3B4C99B5AA86 /* Debug */ = {
			isa = XCBuildConfiguration;
			buildSettings = {
				ASSETCATALOG_COMPILER_APPICON_NAME = AppIcon;
				CODE_SIGN_ENTITLEMENTS = WTApp/WireTuner.entitlements;
				COMBINE_HIDPI_IMAGES = YES;
				ENABLE_HARDENED_RUNTIME = YES;
				GENERATE_INFOPLIST_FILE = NO;
				INFOPLIST_FILE = WTApp/Info.plist;
				LD_RUNPATH_SEARCH_PATHS = (
					"$(inherited)",
					"@executable_path/../Frameworks",
				);
				PRODUCT_BUNDLE_IDENTIFIER = com.villagecompute.wiretuner;
				PRODUCT_NAME = WireTuner;
				SDKROOT = macosx;
			};
			name = Debug;
		};
		F6F1302350B18C4E39BDDE33 /* Release */ = {
			isa = XCBuildConfiguration;
			baseConfigurationReference = 3E5D6C25212155353C087E60 /* Signing.xcconfig */;
			buildSettings = {
				ALWAYS_SEARCH_USER_PATHS = NO;
				CLANG_ANALYZER_NONNULL = YES;
				CLANG_ANALYZER_NUMBER_OBJECT_CONVERSION = YES_AGGRESSIVE;
				CLANG_CXX_LANGUAGE_STANDARD = "gnu++14";
				CLANG_CXX_LIBRARY = "libc++";
				CLANG_ENABLE_MODULES = YES;
				CLANG_ENABLE_OBJC_ARC = YES;
				CLANG_ENABLE_OBJC_WEAK = YES;
				CLANG_WARN_BLOCK_CAPTURE_AUTORELEASING = YES;
				CLANG_WARN_BOOL_CONVERSION = YES;
				CLANG_WARN_COMMA = YES;
				CLANG_WARN_CONSTANT_CONVERSION = YES;
				CLANG_WARN_DEPRECATED_OBJC_IMPLEMENTATIONS = YES;
				CLANG_WARN_DIRECT_OBJC_ISA_USAGE = YES_ERROR;
				CLANG_WARN_DOCUMENTATION_COMMENTS = YES;
				CLANG_WARN_EMPTY_BODY = YES;
				CLANG_WARN_ENUM_CONVERSION = YES;
				CLANG_WARN_INFINITE_RECURSION = YES;
				CLANG_WARN_INT_CONVERSION = YES;
				CLANG_WARN_NON_LITERAL_NULL_CONVERSION = YES;
				CLANG_WARN_OBJC_IMPLICIT_RETAIN_SELF = YES;
				CLANG_WARN_OBJC_LITERAL_CONVERSION = YES;
				CLANG_WARN_OBJC_ROOT_CLASS = YES_ERROR;
				CLANG_WARN_QUOTED_INCLUDE_IN_FRAMEWORK_HEADER = YES;
				CLANG_WARN_RANGE_LOOP_ANALYSIS = YES;
				CLANG_WARN_STRICT_PROTOTYPES = YES;
				CLANG_WARN_SUSPICIOUS_MOVE = YES;
				CLANG_WARN_UNGUARDED_AVAILABILITY = YES_AGGRESSIVE;
				CLANG_WARN_UNREACHABLE_CODE = YES;
				CLANG_WARN__DUPLICATE_METHOD_MATCH = YES;
				COPY_PHASE_STRIP = NO;
				CURRENT_PROJECT_VERSION = 1;
				DEAD_CODE_STRIPPING = YES;
				DEBUG_INFORMATION_FORMAT = "dwarf-with-dsym";
				ENABLE_NS_ASSERTIONS = NO;
				ENABLE_STRICT_OBJC_MSGSEND = YES;
				ENABLE_USER_SCRIPT_SANDBOXING = YES;
				GCC_C_LANGUAGE_STANDARD = gnu11;
				GCC_NO_COMMON_BLOCKS = YES;
				GCC_TREAT_WARNINGS_AS_ERRORS = YES;
				GCC_WARN_64_TO_32_BIT_CONVERSION = YES;
				GCC_WARN_ABOUT_RETURN_TYPE = YES_ERROR;
				GCC_WARN_UNDECLARED_SELECTOR = YES;
				GCC_WARN_UNINITIALIZED_AUTOS = YES_AGGRESSIVE;
				GCC_WARN_UNUSED_FUNCTION = YES;
				GCC_WARN_UNUSED_VARIABLE = YES;
				MACOSX_DEPLOYMENT_TARGET = 15.0;
				MARKETING_VERSION = 0.1.0;
				MTL_ENABLE_DEBUG_INFO = NO;
				MTL_FAST_MATH = YES;
				PRODUCT_NAME = "$(TARGET_NAME)";
				SDKROOT = macosx;
				SWIFT_COMPILATION_MODE = wholemodule;
				SWIFT_OPTIMIZATION_LEVEL = "-O";
				SWIFT_STRICT_CONCURRENCY = complete;
				SWIFT_TREAT_WARNINGS_AS_ERRORS = YES;
				SWIFT_VERSION = 6.0;
			};
			name = Release;
		};
/* End XCBuildConfiguration section */

/* Begin XCConfigurationList section */
		0A920CF03A2AD3C6677D9ED3 /* Build configuration list for PBXNativeTarget "WireTuner" */ = {
			isa = XCConfigurationList;
			buildConfigurations = (
				E13969FF5A5E3B4C99B5AA86 /* Debug */,
				102ACD9C49EF81AE412C3FCB /* Release */,
			);
			defaultConfigurationIsVisible = 0;
			defaultConfigurationName = Debug;
		};
		6E5332490CA3F7B545C3D058 /* Build configuration list for PBXProject "WireTuner" */ = {
			isa = XCConfigurationList;
			buildConfigurations = (
				4DD8A24D930C166C102E9992 /* Debug */,
				F6F1302350B18C4E39BDDE33 /* Release */,
			);
			defaultConfigurationIsVisible = 0;
			defaultConfigurationName = Debug;
		};
		8810B3F248B29E6120AA7970 /* Build configuration list for PBXNativeTarget "WireTunerUITests" */ = {
			isa = XCConfigurationList;
			buildConfigurations = (
				AAF3BA8430A174478B3371E6 /* Debug */,
				62607919B77E99F1E6EE0A9C /* Release */,
			);
			defaultConfigurationIsVisible = 0;
			defaultConfigurationName = Debug;
		};
		E2BD6BA54604F0D7AD93AF7E /* Build configuration list for PBXNativeTarget "WireTunerTests" */ = {
			isa = XCConfigurationList;
			buildConfigurations = (
				D2545F932F4FCAE0004AAA1A /* Debug */,
				9529FA00165E47325C561D12 /* Release */,
			);
			defaultConfigurationIsVisible = 0;
			defaultConfigurationName = Debug;
		};
/* End XCConfigurationList section */

/* Begin XCLocalSwiftPackageReference section */
		04F39ABE2806D45189FBC442 /* XCLocalSwiftPackageReference "Packages/WTSync" */ = {
			isa = XCLocalSwiftPackageReference;
			relativePath = Packages/WTSync;
		};
		26469CD080F5B3ACC8CA03AA /* XCLocalSwiftPackageReference "Packages/WTInterchange" */ = {
			isa = XCLocalSwiftPackageReference;
			relativePath = Packages/WTInterchange;
		};
		28BFBD8D0C9ACADE235351B5 /* XCLocalSwiftPackageReference "Packages/WTCRDT" */ = {
			isa = XCLocalSwiftPackageReference;
			relativePath = Packages/WTCRDT;
		};
		49751FA7D4A9E3E2A2D8BEE3 /* XCLocalSwiftPackageReference "Packages/WTRender" */ = {
			isa = XCLocalSwiftPackageReference;
			relativePath = Packages/WTRender;
		};
		80DBC61EF926C40B57FB7599 /* XCLocalSwiftPackageReference "Packages/WTGeometry" */ = {
			isa = XCLocalSwiftPackageReference;
			relativePath = Packages/WTGeometry;
		};
		86059FF4CCFC4076550FCF44 /* XCLocalSwiftPackageReference "Packages/WTProto" */ = {
			isa = XCLocalSwiftPackageReference;
			relativePath = Packages/WTProto;
		};
		B374304461288DA6ECF86C38 /* XCLocalSwiftPackageReference "Packages/WTTestSupport" */ = {
			isa = XCLocalSwiftPackageReference;
			relativePath = Packages/WTTestSupport;
		};
		D8C64F099128F7EF1424BDE6 /* XCLocalSwiftPackageReference "Packages/WTText" */ = {
			isa = XCLocalSwiftPackageReference;
			relativePath = Packages/WTText;
		};
		F802E1D73B28EF7EC3A7198B /* XCLocalSwiftPackageReference "Packages/WTModel" */ = {
			isa = XCLocalSwiftPackageReference;
			relativePath = Packages/WTModel;
		};
/* End XCLocalSwiftPackageReference section */

/* Begin XCRemoteSwiftPackageReference section */
		0B5F4DCC572B0F8A2731B5CA /* XCRemoteSwiftPackageReference "Sparkle" */ = {
			isa = XCRemoteSwiftPackageReference;
			repositoryURL = "https://github.com/sparkle-project/Sparkle";
			requirement = {
				kind = upToNextMajorVersion;
				minimumVersion = 2.7.0;
			};
		};
/* End XCRemoteSwiftPackageReference section */

/* Begin XCSwiftPackageProductDependency section */
		00D86B1A32BF132424E66A31 /* WTInterchange */ = {
			isa = XCSwiftPackageProductDependency;
			productName = WTInterchange;
		};
		08C3675137E50641A70094F8 /* WTText */ = {
			isa = XCSwiftPackageProductDependency;
			productName = WTText;
		};
		0E3C267385D7C4EC7FE62D3B /* WTRender */ = {
			isa = XCSwiftPackageProductDependency;
			productName = WTRender;
		};
		41651617B1CA311751CEFAA9 /* WTProto */ = {
			isa = XCSwiftPackageProductDependency;
			productName = WTProto;
		};
		471B5A84CD7866567E0FC54B /* WTSync */ = {
			isa = XCSwiftPackageProductDependency;
			productName = WTSync;
		};
		60AA0F560C13C7F9DAB07F68 /* WTGeometry */ = {
			isa = XCSwiftPackageProductDependency;
			productName = WTGeometry;
		};
		A21803070916F2818F09638E /* Sparkle */ = {
			isa = XCSwiftPackageProductDependency;
			package = 0B5F4DCC572B0F8A2731B5CA /* XCRemoteSwiftPackageReference "Sparkle" */;
			productName = Sparkle;
		};
		BAE3DB4DC8F06661870A2657 /* WTCRDT */ = {
			isa = XCSwiftPackageProductDependency;
			productName = WTCRDT;
		};
		D7CCC596AE0E2B551643E221 /* WTModel */ = {
			isa = XCSwiftPackageProductDependency;
			productName = WTModel;
		};
/* End XCSwiftPackageProductDependency section */
	};
	rootObject = 1A09B63C62D68F8DD5E7CEDE /* Project object */;
}
